{
  "nodes": {
    "flake-utils": {
      "locked": {
        "lastModified": 1659877975,
        "narHash": "sha256-zllb8aq3YO3h8B/U0/J1WBgAL8EX5yWf5pMj3G0NAmc=",
        "owner": "numtide",
        "repo": "flake-utils",
        "rev": "c0e246b9b83f637f4681389ecabcb2681b4f3af0",
        "type": "github"
      },
      "original": {
        "owner": "numtide",
        "repo": "flake-utils",
        "type": "github"
      }
    },
    "nixpkgs": {
      "locked": {
        "lastModified": 1663146586,
        "narHash": "sha256-VCGdyEc5TF0uq+gdU+jesjZcNxptomDunvGtElmAD9I=",
        "owner": "NixOS",
        "repo": "nixpkgs",
        "rev": "125efbd96af28ea5d60e00a3eed832ea3f49a93b",
        "type": "github"
      },
      "original": {
        "owner": "NixOS",
        "ref": "nixpkgs-unstable",
        "repo": "nixpkgs",
        "type": "github"
      }
    },
    "registry-crates-io": {
      "flake": false,
      "locked": {
        "lastModified": 1663191322,
        "narHash": "sha256-kwVqfztWZ9eirVOTGl+UoSzemYH73uCXplIpU3+H49w=",
        "owner": "rust-lang",
        "repo": "crates.io-index",
        "rev": "9e059097dc335cd11820c6e7aca61bf33b9fe335",
        "type": "github"
      },
      "original": {
        "owner": "rust-lang",
        "repo": "crates.io-index",
        "type": "github"
      }
    },
    "root": {
      "inputs": {
        "flake-utils": "flake-utils",
        "nixpkgs": "nixpkgs",
        "registry-crates-io": "registry-crates-io"
      }
    }
  },
  "root": "root",
  "version": 7
}
