{
  "nodes": {
    "flake-utils": {
      "locked": {
        "lastModified": 1656928814,
        "narHash": "sha256-RIFfgBuKz6Hp89yRr7+NR5tzIAbn52h8vT6vXkYjZoM=",
        "owner": "numtide",
        "repo": "flake-utils",
        "rev": "7e2a3b3dfd9af950a856d66b0a7d01e3c18aa249",
        "type": "github"
      },
      "original": {
        "owner": "numtide",
        "repo": "flake-utils",
        "type": "github"
      }
    },
    "nixpkgs": {
      "locked": {
        "lastModified": 1657888067,
        "narHash": "sha256-GnwJoFBTPfW3+mz7QEeJEEQ9OMHZOiIJ/qDhZxrlKh8=",
        "owner": "NixOS",
        "repo": "nixpkgs",
        "rev": "65fae659e31098ca4ac825a6fef26d890aaf3f4e",
        "type": "github"
      },
      "original": {
        "owner": "NixOS",
        "ref": "nixpkgs-unstable",
        "repo": "nixpkgs",
        "type": "github"
      }
    },
    "registry-crates-io": {
      "flake": false,
      "locked": {
        "lastModified": 1658023584,
        "narHash": "sha256-LK3+4brQjOQEs82Xuo4pcn4pCs9/7rYiI64V7aNd240=",
        "owner": "rust-lang",
        "repo": "crates.io-index",
        "rev": "1ce12a7e3367a2a673f91f07ab7cc505a0b8f069",
        "type": "github"
      },
      "original": {
        "owner": "rust-lang",
        "repo": "crates.io-index",
        "type": "github"
      }
    },
    "root": {
      "inputs": {
        "flake-utils": "flake-utils",
        "nixpkgs": "nixpkgs",
        "registry-crates-io": "registry-crates-io"
      }
    }
  },
  "root": "root",
  "version": 7
}
