{
  "nodes": {
    "flake-utils": {
      "locked": {
        "lastModified": 1659877975,
        "narHash": "sha256-zllb8aq3YO3h8B/U0/J1WBgAL8EX5yWf5pMj3G0NAmc=",
        "owner": "numtide",
        "repo": "flake-utils",
        "rev": "c0e246b9b83f637f4681389ecabcb2681b4f3af0",
        "type": "github"
      },
      "original": {
        "owner": "numtide",
        "repo": "flake-utils",
        "type": "github"
      }
    },
    "nixpkgs": {
      "locked": {
        "lastModified": 1660137652,
        "narHash": "sha256-L92gcG6Ya4bqjJmStl/HTENhc0PR9lmVgTmeVpk13Os=",
        "owner": "NixOS",
        "repo": "nixpkgs",
        "rev": "a7f89ddd6313ef88fc9c6534ac2511ba9da85fdb",
        "type": "github"
      },
      "original": {
        "owner": "NixOS",
        "ref": "nixpkgs-unstable",
        "repo": "nixpkgs",
        "type": "github"
      }
    },
    "registry-crates-io": {
      "flake": false,
      "locked": {
        "lastModified": 1660195679,
        "narHash": "sha256-ftqWpT8HeVCt9dLCyKqe+RaKYIJvobLaZBL3j86xRpQ=",
        "owner": "rust-lang",
        "repo": "crates.io-index",
        "rev": "ef5a79359d8ddf23c0a356a94ddc604a05f1b1a8",
        "type": "github"
      },
      "original": {
        "owner": "rust-lang",
        "repo": "crates.io-index",
        "type": "github"
      }
    },
    "root": {
      "inputs": {
        "flake-utils": "flake-utils",
        "nixpkgs": "nixpkgs",
        "registry-crates-io": "registry-crates-io"
      }
    }
  },
  "root": "root",
  "version": 7
}
