# This file is automatically @generated by Cargo.
# It is not intended for manual editing.
[[package]]
name = "dependencies"
version = "0.0.0"
dependencies = [
 "semver 1.0.0 (git+https://github.com/dtolnay/semver?tag=1.0.0)",
 "semver 1.0.0 (git+ssh://git@github.com/dtolnay/semver?rev=a2ce5777dcd455246e4650e36dde8e2e96fcb3fd)",
 "semver 1.0.12 (git+http://github.com/dtolnay/semver)",
 "semver 1.0.12 (git+ssh://git@github.com/dtolnay/semver)",
 "semver 1.0.12 (registry+https://github.com/rust-lang/crates.io-index)",
 "semver 1.0.12 (registry+https://www.github.com/rust-lang/crates.io-index)",
]

[[package]]
name = "semver"
version = "1.0.0"
source = "git+https://github.com/dtolnay/semver?tag=1.0.0#a2ce5777dcd455246e4650e36dde8e2e96fcb3fd"

[[package]]
name = "semver"
version = "1.0.0"
source = "git+ssh://git@github.com/dtolnay/semver?rev=a2ce5777dcd455246e4650e36dde8e2e96fcb3fd#a2ce5777dcd455246e4650e36dde8e2e96fcb3fd"

[[package]]
name = "semver"
version = "1.0.12"
source = "git+http://github.com/dtolnay/semver#a6425e6f41ddc81c6d6dd60c68248e0f0ef046c7"

[[package]]
name = "semver"
version = "1.0.12"
source = "git+ssh://git@github.com/dtolnay/semver#a6425e6f41ddc81c6d6dd60c68248e0f0ef046c7"

[[package]]
name = "semver"
version = "1.0.12"
source = "registry+https://github.com/rust-lang/crates.io-index"
checksum = "a2333e6df6d6598f2b1974829f853c2b4c5f4a6e503c10af918081aa6f8564e1"

[[package]]
name = "semver"
version = "1.0.12"
source = "registry+https://www.github.com/rust-lang/crates.io-index"
checksum = "a2333e6df6d6598f2b1974829f853c2b4c5f4a6e503c10af918081aa6f8564e1"
