# This file is automatically @generated by Cargo.
# It is not intended for manual editing.
version = 3

[[package]]
name = "angle"
version = "0.4.0"
source = "registry+https://github.com/rust-lang/crates.io-index"
checksum = "ba2ba87287a952ce1802117f6201af6ff3f32dd372f42dbf53217e900bac7881"
dependencies = [
 "num-traits",
 "serde",
 "serde_derive",
]

[[package]]
name = "autocfg"
version = "1.0.1"
source = "registry+https://github.com/rust-lang/crates.io-index"
checksum = "cdb031dd78e28731d87d56cc8ffef4a8f36ca26c38fe2de700543e627f8a464a"

[[package]]
name = "color-rs"
version = "0.5.0"
source = "registry+https://github.com/rust-lang/crates.io-index"
checksum = "00c7ad08f8b0b391ab2e94aea63cd01f1d821775caee42c0eb62367872a18a5f"
dependencies = [
 "angle",
 "num-traits",
 "serde",
 "serde_derive",
]

[[package]]
name = "color-rs"
version = "0.6.1"
source = "registry+https://github.com/rust-lang/crates.io-index"
checksum = "59f43d9768f46589e0b9f246486f49a5b841b29651503c919d0ed3f1e679fc70"
dependencies = [
 "angle",
 "half",
 "num-traits",
 "serde",
 "serde_derive",
]

[[package]]
name = "custom-lib-name"
version = "0.1.0"
dependencies = [
 "color-rs 0.5.0",
 "color-rs 0.6.1",
]

[[package]]
name = "half"
version = "1.7.1"
source = "registry+https://github.com/rust-lang/crates.io-index"
checksum = "62aca2aba2d62b4a7f5b33f3712cb1b0692779a56fb510499d5c0aa594daeaf3"

[[package]]
name = "num-traits"
version = "0.2.14"
source = "registry+https://github.com/rust-lang/crates.io-index"
checksum = "9a64b1ec5cda2586e284722486d802acf1f7dbdc623e2bfc57e65ca1cd099290"
dependencies = [
 "autocfg",
]

[[package]]
name = "proc-macro2"
version = "1.0.28"
source = "registry+https://github.com/rust-lang/crates.io-index"
checksum = "5c7ed8b8c7b886ea3ed7dde405212185f423ab44682667c8c6dd14aa1d9f6612"
dependencies = [
 "unicode-xid",
]

[[package]]
name = "quote"
version = "1.0.9"
source = "registry+https://github.com/rust-lang/crates.io-index"
checksum = "c3d0b9745dc2debf507c8422de05d7226cc1f0644216dfdfead988f9b1ab32a7"
dependencies = [
 "proc-macro2",
]

[[package]]
name = "serde"
version = "1.0.129"
source = "registry+https://github.com/rust-lang/crates.io-index"
checksum = "d1f72836d2aa753853178eda473a3b9d8e4eefdaf20523b919677e6de489f8f1"

[[package]]
name = "serde_derive"
version = "1.0.129"
source = "registry+https://github.com/rust-lang/crates.io-index"
checksum = "e57ae87ad533d9a56427558b516d0adac283614e347abf85b0dc0cbbf0a249f3"
dependencies = [
 "proc-macro2",
 "quote",
 "syn",
]

[[package]]
name = "syn"
version = "1.0.75"
source = "registry+https://github.com/rust-lang/crates.io-index"
checksum = "b7f58f7e8eaa0009c5fec437aabf511bd9933e4b2d7407bd05273c01a8906ea7"
dependencies = [
 "proc-macro2",
 "quote",
 "unicode-xid",
]

[[package]]
name = "unicode-xid"
version = "0.2.2"
source = "registry+https://github.com/rust-lang/crates.io-index"
checksum = "8ccb82d61f80a663efe1f787a51b16b5a51e3314d6ac365b08639f52387b33f3"
