# This file is automatically @generated by Cargo.
# It is not intended for manual editing.
[[package]]
name = "dependent"
version = "0.1.0"
dependencies = [
 "semver",
]

[[package]]
name = "semver"
version = "1.0.0"
source = "registry+https://github.com/rust-lang/crates.io-index"
checksum = "76b5842e81eb9bbea19276a9dbbda22ac042532f390a67ab08b895617978abf3"
dependencies = [
 "serde",
]

[[package]]
name = "serde"
version = "1.0.126"
source = "registry+https://github.com/rust-lang/crates.io-index"
checksum = "ec7505abeacaec74ae4778d9d9328fe5a5d04253220a85c4ee022239fc996d03"
