# This file is automatically @generated by Cargo.
# It is not intended for manual editing.
[[package]]
name = "dependent"
version = "0.1.0"
dependencies = [
 "semver 1.0.4 (registry+https://github.com/rust-lang/crates.io-index)",
]

[[package]]
name = "semver"
version = "1.0.4"
source = "registry+https://github.com/rust-lang/crates.io-index"
dependencies = [
 "serde 1.0.132 (registry+https://github.com/rust-lang/crates.io-index)",
]

[[package]]
name = "serde"
version = "1.0.132"
source = "registry+https://github.com/rust-lang/crates.io-index"

[metadata]
"checksum semver 1.0.4 (registry+https://github.com/rust-lang/crates.io-index)" = "568a8e6258aa33c13358f81fd834adb854c6f7c9468520910a9b1e8fac068012"
"checksum serde 1.0.132 (registry+https://github.com/rust-lang/crates.io-index)" = "8b9875c23cf305cd1fd7eb77234cbb705f21ea6a72c637a5c6db5fe4b8e7f008"
